# THIS IS AN AUTOGENERATED FILE. DO NOT EDIT THIS FILE DIRECTLY.
# yarn lockfile v1


"accept@3.x.x":
  "resolved" "https://registry.npmjs.org/accept/-/accept-3.0.2.tgz"
  "version" "3.0.2"
  dependencies:
    "boom" "7.x.x"
    "hoek" "5.x.x"

"ammo@3.x.x":
  "resolved" "https://registry.npmjs.org/ammo/-/ammo-3.0.0.tgz"
  "version" "3.0.0"
  dependencies:
    "boom" "6.x.x"
    "hoek" "5.x.x"

"b64@4.x.x":
  "resolved" "https://registry.npmjs.org/b64/-/b64-4.0.0.tgz"
  "version" "4.0.0"

"big-time@2.x.x":
  "resolved" "https://registry.npmjs.org/big-time/-/big-time-2.0.0.tgz"
  "version" "2.0.0"

"boom@^7.1.1", "boom@7.x.x":
  "resolved" "https://registry.npmjs.org/boom/-/boom-7.1.1.tgz"
  "version" "7.1.1"
  dependencies:
    "hoek" "5.x.x"

"boom@6.x.x":
  "resolved" "https://registry.npmjs.org/boom/-/boom-6.0.0.tgz"
  "version" "6.0.0"
  dependencies:
    "hoek" "5.x.x"

"bounce@1.x.x":
  "resolved" "https://registry.npmjs.org/bounce/-/bounce-1.2.0.tgz"
  "version" "1.2.0"
  dependencies:
    "boom" "7.x.x"
    "hoek" "5.x.x"

"call@5.x.x":
  "resolved" "https://registry.npmjs.org/call/-/call-5.0.1.tgz"
  "version" "5.0.1"
  dependencies:
    "boom" "7.x.x"
    "hoek" "5.x.x"

"catbox-memory@3.x.x":
  "resolved" "https://registry.npmjs.org/catbox-memory/-/catbox-memory-3.1.1.tgz"
  "version" "3.1.1"
  dependencies:
    "big-time" "2.x.x"
    "boom" "7.x.x"
    "hoek" "5.x.x"

"catbox@10.x.x":
  "resolved" "https://registry.npmjs.org/catbox/-/catbox-10.0.2.tgz"
  "version" "10.0.2"
  dependencies:
    "boom" "7.x.x"
    "bounce" "1.x.x"
    "hoek" "5.x.x"
    "joi" "13.x.x"

"content@4.x.x":
  "resolved" "https://registry.npmjs.org/content/-/content-4.0.3.tgz"
  "version" "4.0.3"
  dependencies:
    "boom" "7.x.x"

"cryptiles@4.x.x":
  "resolved" "https://registry.npmjs.org/cryptiles/-/cryptiles-4.1.1.tgz"
  "version" "4.1.1"
  dependencies:
    "boom" "7.x.x"

"hapi@^17.2.0":
  "resolved" "https://registry.npmjs.org/hapi/-/hapi-17.2.0.tgz"
  "version" "17.2.0"
  dependencies:
    "accept" "3.x.x"
    "ammo" "3.x.x"
    "boom" "7.x.x"
    "bounce" "1.x.x"
    "call" "5.x.x"
    "catbox" "10.x.x"
    "catbox-memory" "3.x.x"
    "heavy" "6.x.x"
    "hoek" "5.x.x"
    "joi" "13.x.x"
    "mimos" "4.x.x"
    "podium" "3.x.x"
    "shot" "4.x.x"
    "statehood" "6.x.x"
    "subtext" "6.x.x"
    "teamwork" "3.x.x"
    "topo" "3.x.x"

"heavy@6.x.x":
  "resolved" "https://registry.npmjs.org/heavy/-/heavy-6.1.0.tgz"
  "version" "6.1.0"
  dependencies:
    "boom" "7.x.x"
    "hoek" "5.x.x"
    "joi" "13.x.x"

"hoek@5.x.x":
  "resolved" "https://registry.npmjs.org/hoek/-/hoek-5.0.2.tgz"
  "version" "5.0.2"

"ip@^1.1.5":
  "resolved" "https://registry.npmjs.org/ip/-/ip-1.1.5.tgz"
  "version" "1.1.5"

"iron@5.x.x":
  "resolved" "https://registry.npmjs.org/iron/-/iron-5.0.4.tgz"
  "version" "5.0.4"
  dependencies:
    "boom" "7.x.x"
    "cryptiles" "4.x.x"
    "hoek" "5.x.x"

"isemail@3.x.x":
  "resolved" "https://registry.npmjs.org/isemail/-/isemail-3.1.0.tgz"
  "version" "3.1.0"
  dependencies:
    "punycode" "2.x.x"

"joi@13.x.x":
  "resolved" "https://registry.npmjs.org/joi/-/joi-13.1.1.tgz"
  "version" "13.1.1"
  dependencies:
    "hoek" "5.x.x"
    "isemail" "3.x.x"
    "topo" "3.x.x"

"mime-db@1.x.x":
  "resolved" "https://registry.npmjs.org/mime-db/-/mime-db-1.32.0.tgz"
  "version" "1.32.0"

"mimos@4.x.x":
  "resolved" "https://registry.npmjs.org/mimos/-/mimos-4.0.0.tgz"
  "version" "4.0.0"
  dependencies:
    "hoek" "5.x.x"
    "mime-db" "1.x.x"

"nigel@3.x.x":
  "resolved" "https://registry.npmjs.org/nigel/-/nigel-3.0.0.tgz"
  "version" "3.0.0"
  dependencies:
    "hoek" "5.x.x"
    "vise" "3.x.x"

"pez@4.x.x":
  "resolved" "https://registry.npmjs.org/pez/-/pez-4.0.1.tgz"
  "version" "4.0.1"
  dependencies:
    "b64" "4.x.x"
    "boom" "7.x.x"
    "content" "4.x.x"
    "hoek" "5.x.x"
    "nigel" "3.x.x"

"podium@3.x.x":
  "resolved" "https://registry.npmjs.org/podium/-/podium-3.1.2.tgz"
  "version" "3.1.2"
  dependencies:
    "hoek" "5.x.x"
    "joi" "13.x.x"

"punycode@2.x.x":
  "resolved" "https://registry.npmjs.org/punycode/-/punycode-2.1.0.tgz"
  "version" "2.1.0"

"shot@4.x.x":
  "resolved" "https://registry.npmjs.org/shot/-/shot-4.0.4.tgz"
  "version" "4.0.4"
  dependencies:
    "hoek" "5.x.x"
    "joi" "13.x.x"

"statehood@6.x.x":
  "resolved" "https://registry.npmjs.org/statehood/-/statehood-6.0.5.tgz"
  "version" "6.0.5"
  dependencies:
    "boom" "7.x.x"
    "bounce" "1.x.x"
    "cryptiles" "4.x.x"
    "hoek" "5.x.x"
    "iron" "5.x.x"
    "joi" "13.x.x"

"subtext@6.x.x":
  "resolved" "https://registry.npmjs.org/subtext/-/subtext-6.0.7.tgz"
  "version" "6.0.7"
  dependencies:
    "boom" "7.x.x"
    "content" "4.x.x"
    "hoek" "5.x.x"
    "pez" "4.x.x"
    "wreck" "14.x.x"

"teamwork@3.x.x":
  "resolved" "https://registry.npmjs.org/teamwork/-/teamwork-3.0.1.tgz"
  "version" "3.0.1"

"topo@3.x.x":
  "resolved" "https://registry.npmjs.org/topo/-/topo-3.0.0.tgz"
  "version" "3.0.0"
  dependencies:
    "hoek" "5.x.x"

"vise@3.x.x":
  "resolved" "https://registry.npmjs.org/vise/-/vise-3.0.0.tgz"
  "version" "3.0.0"
  dependencies:
    "hoek" "5.x.x"

"wreck@14.x.x":
  "resolved" "https://registry.npmjs.org/wreck/-/wreck-14.0.2.tgz"
  "version" "14.0.2"
  dependencies:
    "boom" "7.x.x"
    "hoek" "5.x.x"
