# THIS IS AN AUTOGENERATED FILE. DO NOT EDIT THIS FILE DIRECTLY.
# yarn lockfile v1


"@types/boom@*", "@types/boom@^4.3.5":
  version "4.3.5"
  resolved "https://registry.yarnpkg.com/@types/boom/-/boom-4.3.5.tgz#9ccca31e08c989bce483bd76b2de798526c608f5"

"@types/catbox@*":
  version "7.1.1"
  resolved "https://registry.yarnpkg.com/@types/catbox/-/catbox-7.1.1.tgz#170e50c35f047163e709c43e8bab551548a7d429"
  dependencies:
    "@types/boom" "*"

"@types/hapi@^16.1.5":
  version "16.1.5"
  resolved "https://registry.yarnpkg.com/@types/hapi/-/hapi-16.1.5.tgz#f74aee6207d4efdc37f9c694424a254e639f03be"
  dependencies:
    "@types/boom" "*"
    "@types/catbox" "*"
    "@types/joi" "*"
    "@types/mimos" "*"
    "@types/node" "*"
    "@types/podium" "*"
    "@types/shot" "*"

"@types/ip@^0.0.30":
  version "0.0.30"
  resolved "https://registry.yarnpkg.com/@types/ip/-/ip-0.0.30.tgz#60c3309ce1cecdd7293245bbffc201ecb6f8c344"

"@types/joi@*":
  version "10.4.0"
  resolved "https://registry.yarnpkg.com/@types/joi/-/joi-10.4.0.tgz#a4de40cdf2462c7e1c83eb47ca3e19177bcc2ae8"

"@types/lodash.castarray@^4.4.2":
  version "4.4.2"
  resolved "https://registry.yarnpkg.com/@types/lodash.castarray/-/lodash.castarray-4.4.2.tgz#c6d35fa055904dafe819f8d0768d633bd14da2e6"
  dependencies:
    "@types/lodash" "*"

"@types/lodash.some@^4.6.2":
  version "4.6.2"
  resolved "https://registry.yarnpkg.com/@types/lodash.some/-/lodash.some-4.6.2.tgz#d0d167ab83417cf4d574cdf4caa218ffba32ca00"
  dependencies:
    "@types/lodash" "*"

"@types/lodash@*":
  version "4.14.66"
  resolved "https://registry.yarnpkg.com/@types/lodash/-/lodash-4.14.66.tgz#3dbb83477becf130611f8fac82a8fdb199805981"

"@types/mime-db@*":
  version "1.27.0"
  resolved "https://registry.yarnpkg.com/@types/mime-db/-/mime-db-1.27.0.tgz#9bc014a1fd1fdf47649c1a54c6dd7966b8284792"

"@types/mimos@*":
  version "3.0.0"
  resolved "https://registry.yarnpkg.com/@types/mimos/-/mimos-3.0.0.tgz#20356e7381e9529c2a7e764c798be5a48cdeff96"
  dependencies:
    "@types/mime-db" "*"

"@types/node@*":
  version "8.0.1"
  resolved "https://registry.yarnpkg.com/@types/node/-/node-8.0.1.tgz#89c271e0c3b9ebb6a3756dd601336970b6228b77"

"@types/podium@*":
  version "1.0.0"
  resolved "https://registry.yarnpkg.com/@types/podium/-/podium-1.0.0.tgz#bfaa2151be2b1d6109cc69f7faa9dac2cba3bb20"

"@types/request-ip@0.0.31":
  version "0.0.31"
  resolved "https://registry.yarnpkg.com/@types/request-ip/-/request-ip-0.0.31.tgz#f4a6b23b4823a4ec47997e543ea32233a9dc7d9b"

"@types/shot@*":
  version "3.4.0"
  resolved "https://registry.yarnpkg.com/@types/shot/-/shot-3.4.0.tgz#459477c5187d3ebd303660ab099e7e9e0f3b656f"
  dependencies:
    "@types/node" "*"

boom@^5.1.0:
  version "5.1.0"
  resolved "https://registry.yarnpkg.com/boom/-/boom-5.1.0.tgz#0308fa8e924cd6d42d9c3bf4883bdc98f0e71df8"
  dependencies:
    hoek "4.x.x"

hoek@4.x.x:
  version "4.1.1"
  resolved "https://registry.yarnpkg.com/hoek/-/hoek-4.1.1.tgz#9cc573ffba2b7b408fb5e9c2a13796be94cddce9"

ip@^1.1.5:
  version "1.1.5"
  resolved "https://registry.yarnpkg.com/ip/-/ip-1.1.5.tgz#bdded70114290828c0a039e72ef25f5aaec4354a"

is_js@^0.9.0:
  version "0.9.0"
  resolved "https://registry.yarnpkg.com/is_js/-/is_js-0.9.0.tgz#0ab94540502ba7afa24c856aa985561669e9c52d"

lodash.castarray@^4.4.0:
  version "4.4.0"
  resolved "https://registry.yarnpkg.com/lodash.castarray/-/lodash.castarray-4.4.0.tgz#c02513515e309daddd4c24c60cfddcf5976d9115"

lodash.some@^4.6.0:
  version "4.6.0"
  resolved "https://registry.yarnpkg.com/lodash.some/-/lodash.some-4.6.0.tgz#1bb9f314ef6b8baded13b549169b2a945eb68e4d"

request-ip@^2.0.2:
  version "2.0.2"
  resolved "https://registry.yarnpkg.com/request-ip/-/request-ip-2.0.2.tgz#deeae6d4af21768497db8cd05fa37143f8f1257e"
  dependencies:
    is_js "^0.9.0"

typescript@^2.3.4:
  version "2.3.4"
  resolved "https://registry.yarnpkg.com/typescript/-/typescript-2.3.4.tgz#3d38321828231e434f287514959c37a82b629f42"
