# THIS IS AN AUTOGENERATED FILE. DO NOT EDIT THIS FILE DIRECTLY.
# yarn lockfile v1


"@types/boom@*", "@types/boom@^4.3.5":
  version "4.3.5"
  resolved "https://registry.yarnpkg.com/@types/boom/-/boom-4.3.5.tgz#9ccca31e08c989bce483bd76b2de798526c608f5"

"@types/catbox@*":
  version "7.1.1"
  resolved "https://registry.yarnpkg.com/@types/catbox/-/catbox-7.1.1.tgz#170e50c35f047163e709c43e8bab551548a7d429"
  dependencies:
    "@types/boom" "*"

"@types/hapi@^16.1.5":
  version "16.1.5"
  resolved "https://registry.yarnpkg.com/@types/hapi/-/hapi-16.1.5.tgz#f74aee6207d4efdc37f9c694424a254e639f03be"
  dependencies:
    "@types/boom" "*"
    "@types/catbox" "*"
    "@types/joi" "*"
    "@types/mimos" "*"
    "@types/node" "*"
    "@types/podium" "*"
    "@types/shot" "*"

"@types/ip@^0.0.30":
  version "0.0.30"
  resolved "https://registry.yarnpkg.com/@types/ip/-/ip-0.0.30.tgz#60c3309ce1cecdd7293245bbffc201ecb6f8c344"

"@types/joi@*":
  version "10.4.0"
  resolved "https://registry.yarnpkg.com/@types/joi/-/joi-10.4.0.tgz#a4de40cdf2462c7e1c83eb47ca3e19177bcc2ae8"

"@types/mime-db@*":
  version "1.27.0"
  resolved "https://registry.yarnpkg.com/@types/mime-db/-/mime-db-1.27.0.tgz#9bc014a1fd1fdf47649c1a54c6dd7966b8284792"

"@types/mimos@*":
  version "3.0.0"
  resolved "https://registry.yarnpkg.com/@types/mimos/-/mimos-3.0.0.tgz#20356e7381e9529c2a7e764c798be5a48cdeff96"
  dependencies:
    "@types/mime-db" "*"

"@types/node@*":
  version "8.0.1"
  resolved "https://registry.yarnpkg.com/@types/node/-/node-8.0.1.tgz#89c271e0c3b9ebb6a3756dd601336970b6228b77"

"@types/podium@*":
  version "1.0.0"
  resolved "https://registry.yarnpkg.com/@types/podium/-/podium-1.0.0.tgz#bfaa2151be2b1d6109cc69f7faa9dac2cba3bb20"

"@types/shot@*":
  version "3.4.0"
  resolved "https://registry.yarnpkg.com/@types/shot/-/shot-3.4.0.tgz#459477c5187d3ebd303660ab099e7e9e0f3b656f"
  dependencies:
    "@types/node" "*"

boom@^5.1.0:
  version "5.1.0"
  resolved "https://registry.yarnpkg.com/boom/-/boom-5.1.0.tgz#0308fa8e924cd6d42d9c3bf4883bdc98f0e71df8"
  dependencies:
    hoek "4.x.x"

hoek@4.x.x:
  version "4.1.1"
  resolved "https://registry.yarnpkg.com/hoek/-/hoek-4.1.1.tgz#9cc573ffba2b7b408fb5e9c2a13796be94cddce9"

ip@^1.1.5:
  version "1.1.5"
  resolved "https://registry.yarnpkg.com/ip/-/ip-1.1.5.tgz#bdded70114290828c0a039e72ef25f5aaec4354a"

typescript@^2.3.4:
  version "2.3.4"
  resolved "https://registry.yarnpkg.com/typescript/-/typescript-2.3.4.tgz#3d38321828231e434f287514959c37a82b629f42"
